
Microsoft Visual Studio Solution File, Format Version 12.00
# Visual Studio 15
VisualStudioVersion = 15.0.27428.2027
MinimumVisualStudioVersion = 10.0.40219.1
Project("{FAE04EC0-301F-11D3-BF4B-00C04F79EFBC}") = "4DevAzureFunctionsApp", "4DevAzureFunctionsApp\4DevAzureFunctionsApp.csproj", "{34628336-4062-4055-BABB-1C06BB6E865F}"
EndProject
Global
	GlobalSection(SolutionConfigurationPlatforms) = preSolution
		Debug|Any CPU = Debug|Any CPU
		Release|Any CPU = Release|Any CPU
	EndGlobalSection
	GlobalSection(ProjectConfigurationPlatforms) = postSolution
		{34628336-4062-4055-BABB-1C06BB6E865F}.Debug|Any CPU.ActiveCfg = Debug|Any CPU
		{34628336-4062-4055-BABB-1C06BB6E865F}.Debug|Any CPU.Build.0 = Debug|Any CPU
		{34628336-4062-4055-BABB-1C06BB6E865F}.Release|Any CPU.ActiveCfg = Release|Any CPU
		{34628336-4062-4055-BABB-1C06BB6E865F}.Release|Any CPU.Build.0 = Release|Any CPU
	EndGlobalSection
	GlobalSection(SolutionProperties) = preSolution
		HideSolutionNode = FALSE
	EndGlobalSection
	GlobalSection(ExtensibilityGlobals) = postSolution
		SolutionGuid = {2BFD30EB-76EE-4209-B7B0-9700F7280428}
	EndGlobalSection
EndGlobal
